
Microsoft Visual Studio Solution File, Format Version 12.00
# Visual Studio Version 17
VisualStudioVersion = 17.6.33829.357
MinimumVisualStudioVersion = 10.0.40219.1
Project("{2150E333-8FDC-42A3-9474-1A3956D46DE8}") = "N52", "N52", "{06825E02-1359-41B4-90B3-8AF51B76AAD4}"
EndProject
Project("{9A19103F-16F7-4668-BE54-9A1E7A4F7556}") = "Delegates.Example", "Delegates.Example\Delegates.Example.csproj", "{7A903F24-F1AF-401A-8E42-086F40B2EACB}"
EndProject
Project("{2150E333-8FDC-42A3-9474-1A3956D46DE8}") = "N1", "N1", "{04C9F695-FA16-4614-9456-025E1F085B0D}"
EndProject
Project("{9A19103F-16F7-4668-BE54-9A1E7A4F7556}") = "N1", "N1\N1.csproj", "{069DD872-CA2C-4C8A-8262-E09008274F52}"
EndProject
Project("{FAE04EC0-301F-11D3-BF4B-00C04F79EFBC}") = "Events.Example", "Events.Example\Events.Example.csproj", "{FE1F072F-7E12-4D21-8D2D-0CF63CA18D37}"
EndProject
Global
	GlobalSection(SolutionConfigurationPlatforms) = preSolution
		Debug|Any CPU = Debug|Any CPU
		Release|Any CPU = Release|Any CPU
	EndGlobalSection
	GlobalSection(ProjectConfigurationPlatforms) = postSolution
		{7A903F24-F1AF-401A-8E42-086F40B2EACB}.Debug|Any CPU.ActiveCfg = Debug|Any CPU
		{7A903F24-F1AF-401A-8E42-086F40B2EACB}.Debug|Any CPU.Build.0 = Debug|Any CPU
		{7A903F24-F1AF-401A-8E42-086F40B2EACB}.Release|Any CPU.ActiveCfg = Release|Any CPU
		{7A903F24-F1AF-401A-8E42-086F40B2EACB}.Release|Any CPU.Build.0 = Release|Any CPU
		{069DD872-CA2C-4C8A-8262-E09008274F52}.Debug|Any CPU.ActiveCfg = Debug|Any CPU
		{069DD872-CA2C-4C8A-8262-E09008274F52}.Debug|Any CPU.Build.0 = Debug|Any CPU
		{069DD872-CA2C-4C8A-8262-E09008274F52}.Release|Any CPU.ActiveCfg = Release|Any CPU
		{069DD872-CA2C-4C8A-8262-E09008274F52}.Release|Any CPU.Build.0 = Release|Any CPU
		{FE1F072F-7E12-4D21-8D2D-0CF63CA18D37}.Debug|Any CPU.ActiveCfg = Debug|Any CPU
		{FE1F072F-7E12-4D21-8D2D-0CF63CA18D37}.Debug|Any CPU.Build.0 = Debug|Any CPU
		{FE1F072F-7E12-4D21-8D2D-0CF63CA18D37}.Release|Any CPU.ActiveCfg = Release|Any CPU
		{FE1F072F-7E12-4D21-8D2D-0CF63CA18D37}.Release|Any CPU.Build.0 = Release|Any CPU
	EndGlobalSection
	GlobalSection(SolutionProperties) = preSolution
		HideSolutionNode = FALSE
	EndGlobalSection
	GlobalSection(NestedProjects) = preSolution
		{7A903F24-F1AF-401A-8E42-086F40B2EACB} = {06825E02-1359-41B4-90B3-8AF51B76AAD4}
		{069DD872-CA2C-4C8A-8262-E09008274F52} = {04C9F695-FA16-4614-9456-025E1F085B0D}
		{FE1F072F-7E12-4D21-8D2D-0CF63CA18D37} = {06825E02-1359-41B4-90B3-8AF51B76AAD4}
	EndGlobalSection
	GlobalSection(ExtensibilityGlobals) = postSolution
		SolutionGuid = {211BBA42-52E5-4834-A870-616244202FFE}
	EndGlobalSection
EndGlobal
