
Microsoft Visual Studio Solution File, Format Version 12.00
# Visual Studio Version 17
VisualStudioVersion = 17.6.33829.357
MinimumVisualStudioVersion = 10.0.40219.1
Project("{2150E333-8FDC-42A3-9474-1A3956D46DE8}") = "N52", "N52", "{06825E02-1359-41B4-90B3-8AF51B76AAD4}"
EndProject
Project("{9A19103F-16F7-4668-BE54-9A1E7A4F7556}") = "Delegates.Example", "Delegates.Example\Delegates.Example.csproj", "{7A903F24-F1AF-401A-8E42-086F40B2EACB}"
EndProject
Project("{2150E333-8FDC-42A3-9474-1A3956D46DE8}") = "N1", "N1", "{04C9F695-FA16-4614-9456-025E1F085B0D}"
EndProject
Project("{9A19103F-16F7-4668-BE54-9A1E7A4F7556}") = "N1", "N1\N1.csproj", "{069DD872-CA2C-4C8A-8262-E09008274F52}"
EndProject
Project("{9A19103F-16F7-4668-BE54-9A1E7A4F7556}") = "Events.Example", "Events.Example\Events.Example.csproj", "{FE1F072F-7E12-4D21-8D2D-0CF63CA18D37}"
EndProject
Project("{9A19103F-16F7-4668-BE54-9A1E7A4F7556}") = "Events.Example.Api", "Events.Example.Api\Events.Example.Api.csproj", "{68852B37-7E6A-4FEE-849B-C22445E98B6A}"
EndProject
Project("{2150E333-8FDC-42A3-9474-1A3956D46DE8}") = "N54", "N54", "{1929C0F1-A980-4A71-AC28-909090D22A2E}"
EndProject
Project("{9A19103F-16F7-4668-BE54-9A1E7A4F7556}") = "Amaliyot", "Amaliyot\Amaliyot.csproj", "{92E3A9B7-C6A1-4372-825A-E62DF5ECC60C}"
EndProject
Project("{2150E333-8FDC-42A3-9474-1A3956D46DE8}") = "N2", "N2", "{604A61C5-71F8-48FE-A45D-4F7866944513}"
EndProject
Project("{9A19103F-16F7-4668-BE54-9A1E7A4F7556}") = "Amaliot", "Amaliot\Amaliot.csproj", "{83995DC6-1949-4438-B7D8-F53F9981796E}"
EndProject
Project("{9A19103F-16F7-4668-BE54-9A1E7A4F7556}") = "AsosiyDars", "AsosiyDars\AsosiyDars.csproj", "{B7252603-7ED1-407B-B339-A5BE0D18D39F}"
EndProject
Project("{2150E333-8FDC-42A3-9474-1A3956D46DE8}") = "N53", "N53", "{9AFA3928-E1CA-47E1-BE55-AB3713728086}"
EndProject
Project("{9A19103F-16F7-4668-BE54-9A1E7A4F7556}") = "MatchBoardService.Api", "MatchBoardService.Api\MatchBoardService.Api.csproj", "{CA2D1225-C588-4C6A-A9D2-6DA1443FB5CB}"
EndProject
Project("{2150E333-8FDC-42A3-9474-1A3956D46DE8}") = "N55", "N55", "{32B48339-E33B-46B2-A74B-CECABE2D2C7D}"
EndProject
Project("{9A19103F-16F7-4668-BE54-9A1E7A4F7556}") = "N55", "N55\N55.csproj", "{C19A2A3B-F608-495C-BDA5-6E642802D807}"
EndProject
Project("{2150E333-8FDC-42A3-9474-1A3956D46DE8}") = "N3", "N3", "{47BC9816-9647-4E14-A7A5-D65E87295E5E}"
EndProject
Project("{9A19103F-16F7-4668-BE54-9A1E7A4F7556}") = "N3", "N3\N3.csproj", "{E12CDD33-A63C-4121-9B43-E18EB5F1B705}"
EndProject
Project("{2150E333-8FDC-42A3-9474-1A3956D46DE8}") = "N56", "N56", "{C8416E3A-FFB1-445B-A3B6-D24003729CC2}"
EndProject
Project("{FAE04EC0-301F-11D3-BF4B-00C04F79EFBC}") = "N56", "N56\N56.csproj", "{2B2993B2-A778-4A2C-84CB-6E71BBBBAFB7}"
EndProject
Global
	GlobalSection(SolutionConfigurationPlatforms) = preSolution
		Debug|Any CPU = Debug|Any CPU
		Release|Any CPU = Release|Any CPU
	EndGlobalSection
	GlobalSection(ProjectConfigurationPlatforms) = postSolution
		{7A903F24-F1AF-401A-8E42-086F40B2EACB}.Debug|Any CPU.ActiveCfg = Debug|Any CPU
		{7A903F24-F1AF-401A-8E42-086F40B2EACB}.Debug|Any CPU.Build.0 = Debug|Any CPU
		{7A903F24-F1AF-401A-8E42-086F40B2EACB}.Release|Any CPU.ActiveCfg = Release|Any CPU
		{7A903F24-F1AF-401A-8E42-086F40B2EACB}.Release|Any CPU.Build.0 = Release|Any CPU
		{069DD872-CA2C-4C8A-8262-E09008274F52}.Debug|Any CPU.ActiveCfg = Debug|Any CPU
		{069DD872-CA2C-4C8A-8262-E09008274F52}.Debug|Any CPU.Build.0 = Debug|Any CPU
		{069DD872-CA2C-4C8A-8262-E09008274F52}.Release|Any CPU.ActiveCfg = Release|Any CPU
		{069DD872-CA2C-4C8A-8262-E09008274F52}.Release|Any CPU.Build.0 = Release|Any CPU
		{FE1F072F-7E12-4D21-8D2D-0CF63CA18D37}.Debug|Any CPU.ActiveCfg = Debug|Any CPU
		{FE1F072F-7E12-4D21-8D2D-0CF63CA18D37}.Debug|Any CPU.Build.0 = Debug|Any CPU
		{FE1F072F-7E12-4D21-8D2D-0CF63CA18D37}.Release|Any CPU.ActiveCfg = Release|Any CPU
		{FE1F072F-7E12-4D21-8D2D-0CF63CA18D37}.Release|Any CPU.Build.0 = Release|Any CPU
		{68852B37-7E6A-4FEE-849B-C22445E98B6A}.Debug|Any CPU.ActiveCfg = Debug|Any CPU
		{68852B37-7E6A-4FEE-849B-C22445E98B6A}.Debug|Any CPU.Build.0 = Debug|Any CPU
		{68852B37-7E6A-4FEE-849B-C22445E98B6A}.Release|Any CPU.ActiveCfg = Release|Any CPU
		{68852B37-7E6A-4FEE-849B-C22445E98B6A}.Release|Any CPU.Build.0 = Release|Any CPU
		{92E3A9B7-C6A1-4372-825A-E62DF5ECC60C}.Debug|Any CPU.ActiveCfg = Debug|Any CPU
		{92E3A9B7-C6A1-4372-825A-E62DF5ECC60C}.Debug|Any CPU.Build.0 = Debug|Any CPU
		{92E3A9B7-C6A1-4372-825A-E62DF5ECC60C}.Release|Any CPU.ActiveCfg = Release|Any CPU
		{92E3A9B7-C6A1-4372-825A-E62DF5ECC60C}.Release|Any CPU.Build.0 = Release|Any CPU
		{83995DC6-1949-4438-B7D8-F53F9981796E}.Debug|Any CPU.ActiveCfg = Debug|Any CPU
		{83995DC6-1949-4438-B7D8-F53F9981796E}.Debug|Any CPU.Build.0 = Debug|Any CPU
		{83995DC6-1949-4438-B7D8-F53F9981796E}.Release|Any CPU.ActiveCfg = Release|Any CPU
		{83995DC6-1949-4438-B7D8-F53F9981796E}.Release|Any CPU.Build.0 = Release|Any CPU
		{B7252603-7ED1-407B-B339-A5BE0D18D39F}.Debug|Any CPU.ActiveCfg = Debug|Any CPU
		{B7252603-7ED1-407B-B339-A5BE0D18D39F}.Debug|Any CPU.Build.0 = Debug|Any CPU
		{B7252603-7ED1-407B-B339-A5BE0D18D39F}.Release|Any CPU.ActiveCfg = Release|Any CPU
		{B7252603-7ED1-407B-B339-A5BE0D18D39F}.Release|Any CPU.Build.0 = Release|Any CPU
		{CA2D1225-C588-4C6A-A9D2-6DA1443FB5CB}.Debug|Any CPU.ActiveCfg = Debug|Any CPU
		{CA2D1225-C588-4C6A-A9D2-6DA1443FB5CB}.Debug|Any CPU.Build.0 = Debug|Any CPU
		{CA2D1225-C588-4C6A-A9D2-6DA1443FB5CB}.Release|Any CPU.ActiveCfg = Release|Any CPU
		{CA2D1225-C588-4C6A-A9D2-6DA1443FB5CB}.Release|Any CPU.Build.0 = Release|Any CPU
		{C19A2A3B-F608-495C-BDA5-6E642802D807}.Debug|Any CPU.ActiveCfg = Debug|Any CPU
		{C19A2A3B-F608-495C-BDA5-6E642802D807}.Debug|Any CPU.Build.0 = Debug|Any CPU
		{C19A2A3B-F608-495C-BDA5-6E642802D807}.Release|Any CPU.ActiveCfg = Release|Any CPU
		{C19A2A3B-F608-495C-BDA5-6E642802D807}.Release|Any CPU.Build.0 = Release|Any CPU
		{E12CDD33-A63C-4121-9B43-E18EB5F1B705}.Debug|Any CPU.ActiveCfg = Debug|Any CPU
		{E12CDD33-A63C-4121-9B43-E18EB5F1B705}.Debug|Any CPU.Build.0 = Debug|Any CPU
		{E12CDD33-A63C-4121-9B43-E18EB5F1B705}.Release|Any CPU.ActiveCfg = Release|Any CPU
		{E12CDD33-A63C-4121-9B43-E18EB5F1B705}.Release|Any CPU.Build.0 = Release|Any CPU
		{2B2993B2-A778-4A2C-84CB-6E71BBBBAFB7}.Debug|Any CPU.ActiveCfg = Debug|Any CPU
		{2B2993B2-A778-4A2C-84CB-6E71BBBBAFB7}.Debug|Any CPU.Build.0 = Debug|Any CPU
		{2B2993B2-A778-4A2C-84CB-6E71BBBBAFB7}.Release|Any CPU.ActiveCfg = Release|Any CPU
		{2B2993B2-A778-4A2C-84CB-6E71BBBBAFB7}.Release|Any CPU.Build.0 = Release|Any CPU
	EndGlobalSection
	GlobalSection(SolutionProperties) = preSolution
		HideSolutionNode = FALSE
	EndGlobalSection
	GlobalSection(NestedProjects) = preSolution
		{7A903F24-F1AF-401A-8E42-086F40B2EACB} = {06825E02-1359-41B4-90B3-8AF51B76AAD4}
		{069DD872-CA2C-4C8A-8262-E09008274F52} = {04C9F695-FA16-4614-9456-025E1F085B0D}
		{FE1F072F-7E12-4D21-8D2D-0CF63CA18D37} = {06825E02-1359-41B4-90B3-8AF51B76AAD4}
		{68852B37-7E6A-4FEE-849B-C22445E98B6A} = {06825E02-1359-41B4-90B3-8AF51B76AAD4}
		{92E3A9B7-C6A1-4372-825A-E62DF5ECC60C} = {1929C0F1-A980-4A71-AC28-909090D22A2E}
		{83995DC6-1949-4438-B7D8-F53F9981796E} = {604A61C5-71F8-48FE-A45D-4F7866944513}
		{B7252603-7ED1-407B-B339-A5BE0D18D39F} = {604A61C5-71F8-48FE-A45D-4F7866944513}
		{CA2D1225-C588-4C6A-A9D2-6DA1443FB5CB} = {9AFA3928-E1CA-47E1-BE55-AB3713728086}
		{C19A2A3B-F608-495C-BDA5-6E642802D807} = {32B48339-E33B-46B2-A74B-CECABE2D2C7D}
		{E12CDD33-A63C-4121-9B43-E18EB5F1B705} = {47BC9816-9647-4E14-A7A5-D65E87295E5E}
		{2B2993B2-A778-4A2C-84CB-6E71BBBBAFB7} = {C8416E3A-FFB1-445B-A3B6-D24003729CC2}
	EndGlobalSection
	GlobalSection(ExtensibilityGlobals) = postSolution
		SolutionGuid = {211BBA42-52E5-4834-A870-616244202FFE}
	EndGlobalSection
EndGlobal
